// !$*UTF8*$!
{
	archiveVersion = 1;
	classes = {
	};
	objectVersion = 56;
	objects = {

/* Begin PBXBuildFile section */
		05FB6C902D02AC8C00F5F0A5 /* AppDelegate.swift in Sources */ = {isa = PBXBuildFile; fileRef = 05FB6C8F2D02AC8C00F5F0A5 /* AppDelegate.swift */; };
		05FB6C922D02AC8C00F5F0A5 /* SceneDelegate.swift in Sources */ = {isa = PBXBuildFile; fileRef = 05FB6C912D02AC8C00F5F0A5 /* SceneDelegate.swift */; };
		05FB6C942D02AC8C00F5F0A5 /* LoginViewController.swift in Sources */ = {isa = PBXBuildFile; fileRef = 05FB6C932D02AC8C00F5F0A5 /* LoginViewController.swift */; };
		05FB6C972D02AC8C00F5F0A5 /* Base in Resources */ = {isa = PBXBuildFile; fileRef = 05FB6C962D02AC8C00F5F0A5 /* Base */; };
		05FB6C9A2D02AC8C00F5F0A5 /* celin_arthur.xcdatamodeld in Sources */ = {isa = PBXBuildFile; fileRef = 05FB6C982D02AC8C00F5F0A5 /* celin_arthur.xcdatamodeld */; };
		05FB6C9C2D02AC8E00F5F0A5 /* Assets.xcassets in Resources */ = {isa = PBXBuildFile; fileRef = 05FB6C9B2D02AC8E00F5F0A5 /* Assets.xcassets */; };
		05FB6C9F2D02AC8E00F5F0A5 /* Base in Resources */ = {isa = PBXBuildFile; fileRef = 05FB6C9E2D02AC8E00F5F0A5 /* Base */; };
		05FB6CA92D02BC5200F5F0A5 /* RegisterViewController.swift in Sources */ = {isa = PBXBuildFile; fileRef = 05FB6CA82D02BC5200F5F0A5 /* RegisterViewController.swift */; };
/* End PBXBuildFile section */

/* Begin PBXFileReference section */
		05FB6C8C2D02AC8C00F5F0A5 /* celin arthur.app */ = {isa = PBXFileReference; explicitFileType = wrapper.application; includeInIndex = 0; path = "celin arthur.app"; sourceTree = BUILT_PRODUCTS_DIR; };
		05FB6C8F2D02AC8C00F5F0A5 /* AppDelegate.swift */ = {isa = PBXFileReference; lastKnownFileType = sourcecode.swift; path = AppDelegate.swift; sourceTree = "<group>"; };
		05FB6C912D02AC8C00F5F0A5 /* SceneDelegate.swift */ = {isa = PBXFileReference; lastKnownFileType = sourcecode.swift; path = SceneDelegate.swift; sourceTree = "<group>"; };
		05FB6C932D02AC8C00F5F0A5 /* LoginViewController.swift */ = {isa = PBXFileReference; lastKnownFileType = sourcecode.swift; path = LoginViewController.swift; sourceTree = "<group>"; };
		05FB6C962D02AC8C00F5F0A5 /* Base */ = {isa = PBXFileReference; lastKnownFileType = file.storyboard; name = Base; path = Base.lproj/Main.storyboard; sourceTree = "<group>"; };
		05FB6C992D02AC8C00F5F0A5 /* celin_arthur.xcdatamodel */ = {isa = PBXFileReference; lastKnownFileType = wrapper.xcdatamodel; path = celin_arthur.xcdatamodel; sourceTree = "<group>"; };
		05FB6C9B2D02AC8E00F5F0A5 /* Assets.xcassets */ = {isa = PBXFileReference; lastKnownFileType = folder.assetcatalog; path = Assets.xcassets; sourceTree = "<group>"; };
		05FB6C9E2D02AC8E00F5F0A5 /* Base */ = {isa = PBXFileReference; lastKnownFileType = file.storyboard; name = Base; path = Base.lproj/LaunchScreen.storyboard; sourceTree = "<group>"; };
		05FB6CA02D02AC8E00F5F0A5 /* Info.plist */ = {isa = PBXFileReference; lastKnownFileType = text.plist.xml; path = Info.plist; sourceTree = "<group>"; };
		05FB6CA82D02BC5200F5F0A5 /* RegisterViewController.swift */ = {isa = PBXFileReference; lastKnownFileType = sourcecode.swift; path = RegisterViewController.swift; sourceTree = "<group>"; };
/* End PBXFileReference section */

/* Begin PBXFrameworksBuildPhase section */
		05FB6C892D02AC8C00F5F0A5 /* Frameworks */ = {
			isa = PBXFrameworksBuildPhase;
			buildActionMask = 2147483647;
			files = (
			);
			runOnlyForDeploymentPostprocessing = 0;
		};
/* End PBXFrameworksBuildPhase section */

/* Begin PBXGroup section */
		05FB6C832D02AC8C00F5F0A5 = {
			isa = PBXGroup;
			children = (
				05FB6C8E2D02AC8C00F5F0A5 /* celin arthur */,
				05FB6C8D2D02AC8C00F5F0A5 /* Products */,
			);
			sourceTree = "<group>";
		};
		05FB6C8D2D02AC8C00F5F0A5 /* Products */ = {
			isa = PBXGroup;
			children = (
				05FB6C8C2D02AC8C00F5F0A5 /* celin arthur.app */,
			);
			name = Products;
			sourceTree = "<group>";
		};
		05FB6C8E2D02AC8C00F5F0A5 /* celin arthur */ = {
			isa = PBXGroup;
			children = (
				05FB6C8F2D02AC8C00F5F0A5 /* AppDelegate.swift */,
				05FB6C912D02AC8C00F5F0A5 /* SceneDelegate.swift */,
				05FB6C932D02AC8C00F5F0A5 /* LoginViewController.swift */,
				05FB6C952D02AC8C00F5F0A5 /* Main.storyboard */,
				05FB6C9B2D02AC8E00F5F0A5 /* Assets.xcassets */,
				05FB6C9D2D02AC8E00F5F0A5 /* LaunchScreen.storyboard */,
				05FB6CA02D02AC8E00F5F0A5 /* Info.plist */,
				05FB6C982D02AC8C00F5F0A5 /* celin_arthur.xcdatamodeld */,
				05FB6CA82D02BC5200F5F0A5 /* RegisterViewController.swift */,
			);
			path = "celin arthur";
			sourceTree = "<group>";
		};
/* End PBXGroup section */

/* Begin PBXNativeTarget section */
		05FB6C8B2D02AC8C00F5F0A5 /* celin arthur */ = {
			isa = PBXNativeTarget;
			buildConfigurationList = 05FB6CA32D02AC8E00F5F0A5 /* Build configuration list for PBXNativeTarget "celin arthur" */;
			buildPhases = (
				05FB6C882D02AC8C00F5F0A5 /* Sources */,
				05FB6C892D02AC8C00F5F0A5 /* Frameworks */,
				05FB6C8A2D02AC8C00F5F0A5 /* Resources */,
			);
			buildRules = (
			);
			dependencies = (
			);
			name = "celin arthur";
			productName = "celin arthur";
			productReference = 05FB6C8C2D02AC8C00F5F0A5 /* celin arthur.app */;
			productType = "com.apple.product-type.application";
		};
/* End PBXNativeTarget section */

/* Begin PBXProject section */
		05FB6C842D02AC8C00F5F0A5 /* Project object */ = {
			isa = PBXProject;
			attributes = {
				BuildIndependentTargetsInParallel = 1;
				LastSwiftUpdateCheck = 1540;
				LastUpgradeCheck = 1540;
				TargetAttributes = {
					05FB6C8B2D02AC8C00F5F0A5 = {
						CreatedOnToolsVersion = 15.4;
					};
				};
			};
			buildConfigurationList = 05FB6C872D02AC8C00F5F0A5 /* Build configuration list for PBXProject "celin arthur" */;
			compatibilityVersion = "Xcode 14.0";
			developmentRegion = en;
			hasScannedForEncodings = 0;
			knownRegions = (
				en,
				Base,
			);
			mainGroup = 05FB6C832D02AC8C00F5F0A5;
			productRefGroup = 05FB6C8D2D02AC8C00F5F0A5 /* Products */;
			projectDirPath = "";
			projectRoot = "";
			targets = (
				05FB6C8B2D02AC8C00F5F0A5 /* celin arthur */,
			);
		};
/* End PBXProject section */

/* Begin PBXResourcesBuildPhase section */
		05FB6C8A2D02AC8C00F5F0A5 /* Resources */ = {
			isa = PBXResourcesBuildPhase;
			buildActionMask = 2147483647;
			files = (
				05FB6C9C2D02AC8E00F5F0A5 /* Assets.xcassets in Resources */,
				05FB6C9F2D02AC8E00F5F0A5 /* Base in Resources */,
				05FB6C972D02AC8C00F5F0A5 /* Base in Resources */,
			);
			runOnlyForDeploymentPostprocessing = 0;
		};
/* End PBXResourcesBuildPhase section */

/* Begin PBXSourcesBuildPhase section */
		05FB6C882D02AC8C00F5F0A5 /* Sources */ = {
			isa = PBXSourcesBuildPhase;
			buildActionMask = 2147483647;
			files = (
				05FB6C942D02AC8C00F5F0A5 /* LoginViewController.swift in Sources */,
				05FB6CA92D02BC5200F5F0A5 /* RegisterViewController.swift in Sources */,
				05FB6C9A2D02AC8C00F5F0A5 /* celin_arthur.xcdatamodeld in Sources */,
				05FB6C902D02AC8C00F5F0A5 /* AppDelegate.swift in Sources */,
				05FB6C922D02AC8C00F5F0A5 /* SceneDelegate.swift in Sources */,
			);
			runOnlyForDeploymentPostprocessing = 0;
		};
/* End PBXSourcesBuildPhase section */

/* Begin PBXVariantGroup section */
		05FB6C952D02AC8C00F5F0A5 /* Main.storyboard */ = {
			isa = PBXVariantGroup;
			children = (
				05FB6C962D02AC8C00F5F0A5 /* Base */,
			);
			name = Main.storyboard;
			sourceTree = "<group>";
		};
		05FB6C9D2D02AC8E00F5F0A5 /* LaunchScreen.storyboard */ = {
			isa = PBXVariantGroup;
			children = (
				05FB6C9E2D02AC8E00F5F0A5 /* Base */,
			);
			name = LaunchScreen.storyboard;
			sourceTree = "<group>";
		};
/* End PBXVariantGroup section */

/* Begin XCBuildConfiguration section */
		05FB6CA12D02AC8E00F5F0A5 /* Debug */ = {
			isa = XCBuildConfiguration;
			buildSettings = {
				ALWAYS_SEARCH_USER_PATHS = NO;
				ASSETCATALOG_COMPILER_GENERATE_SWIFT_ASSET_SYMBOL_EXTENSIONS = YES;
				CLANG_ANALYZER_NONNULL = YES;
				CLANG_ANALYZER_NUMBER_OBJECT_CONVERSION = YES_AGGRESSIVE;
				CLANG_CXX_LANGUAGE_STANDARD = "gnu++20";
				CLANG_ENABLE_MODULES = YES;
				CLANG_ENABLE_OBJC_ARC = YES;
				CLANG_ENABLE_OBJC_WEAK = YES;
				CLANG_WARN_BLOCK_CAPTURE_AUTORELEASING = YES;
				CLANG_WARN_BOOL_CONVERSION = YES;
				CLANG_WARN_COMMA = YES;
				CLANG_WARN_CONSTANT_CONVERSION = YES;
				CLANG_WARN_DEPRECATED_OBJC_IMPLEMENTATIONS = YES;
				CLANG_WARN_DIRECT_OBJC_ISA_USAGE = YES_ERROR;
				CLANG_WARN_DOCUMENTATION_COMMENTS = YES;
				CLANG_WARN_EMPTY_BODY = YES;
				CLANG_WARN_ENUM_CONVERSION = YES;
				CLANG_WARN_INFINITE_RECURSION = YES;
				CLANG_WARN_INT_CONVERSION = YES;
				CLANG_WARN_NON_LITERAL_NULL_CONVERSION = YES;
				CLANG_WARN_OBJC_IMPLICIT_RETAIN_SELF = YES;
				CLANG_WARN_OBJC_LITERAL_CONVERSION = YES;
				CLANG_WARN_OBJC_ROOT_CLASS = YES_ERROR;
				CLANG_WARN_QUOTED_INCLUDE_IN_FRAMEWORK_HEADER = YES;
				CLANG_WARN_RANGE_LOOP_ANALYSIS = YES;
				CLANG_WARN_STRICT_PROTOTYPES = YES;
				CLANG_WARN_SUSPICIOUS_MOVE = YES;
				CLANG_WARN_UNGUARDED_AVAILABILITY = YES_AGGRESSIVE;
				CLANG_WARN_UNREACHABLE_CODE = YES;
				CLANG_WARN__DUPLICATE_METHOD_MATCH = YES;
				COPY_PHASE_STRIP = NO;
				DEBUG_INFORMATION_FORMAT = dwarf;
				ENABLE_STRICT_OBJC_MSGSEND = YES;
				ENABLE_TESTABILITY = YES;
				ENABLE_USER_SCRIPT_SANDBOXING = YES;
				GCC_C_LANGUAGE_STANDARD = gnu17;
				GCC_DYNAMIC_NO_PIC = NO;
				GCC_NO_COMMON_BLOCKS = YES;
				GCC_OPTIMIZATION_LEVEL = 0;
				GCC_PREPROCESSOR_DEFINITIONS = (
					"DEBUG=1",
					"$(inherited)",
				);
				GCC_WARN_64_TO_32_BIT_CONVERSION = YES;
				GCC_WARN_ABOUT_RETURN_TYPE = YES_ERROR;
				GCC_WARN_UNDECLARED_SELECTOR = YES;
				GCC_WARN_UNINITIALIZED_AUTOS = YES_AGGRESSIVE;
				GCC_WARN_UNUSED_FUNCTION = YES;
				GCC_WARN_UNUSED_VARIABLE = YES;
				IPHONEOS_DEPLOYMENT_TARGET = 17.5;
				LOCALIZATION_PREFERS_STRING_CATALOGS = YES;
				MTL_ENABLE_DEBUG_INFO = INCLUDE_SOURCE;
				MTL_FAST_MATH = YES;
				ONLY_ACTIVE_ARCH = YES;
				SDKROOT = iphoneos;
				SWIFT_ACTIVE_COMPILATION_CONDITIONS = "DEBUG $(inherited)";
				SWIFT_OPTIMIZATION_LEVEL = "-Onone";
			};
			name = Debug;
		};
		05FB6CA22D02AC8E00F5F0A5 /* Release */ = {
			isa = XCBuildConfiguration;
			buildSettings = {
				ALWAYS_SEARCH_USER_PATHS = NO;
				ASSETCATALOG_COMPILER_GENERATE_SWIFT_ASSET_SYMBOL_EXTENSIONS = YES;
				CLANG_ANALYZER_NONNULL = YES;
				CLANG_ANALYZER_NUMBER_OBJECT_CONVERSION = YES_AGGRESSIVE;
				CLANG_CXX_LANGUAGE_STANDARD = "gnu++20";
				CLANG_ENABLE_MODULES = YES;
				CLANG_ENABLE_OBJC_ARC = YES;
				CLANG_ENABLE_OBJC_WEAK = YES;
				CLANG_WARN_BLOCK_CAPTURE_AUTORELEASING = YES;
				CLANG_WARN_BOOL_CONVERSION = YES;
				CLANG_WARN_COMMA = YES;
				CLANG_WARN_CONSTANT_CONVERSION = YES;
				CLANG_WARN_DEPRECATED_OBJC_IMPLEMENTATIONS = YES;
				CLANG_WARN_DIRECT_OBJC_ISA_USAGE = YES_ERROR;
				CLANG_WARN_DOCUMENTATION_COMMENTS = YES;
				CLANG_WARN_EMPTY_BODY = YES;
				CLANG_WARN_ENUM_CONVERSION = YES;
				CLANG_WARN_INFINITE_RECURSION = YES;
				CLANG_WARN_INT_CONVERSION = YES;
				CLANG_WARN_NON_LITERAL_NULL_CONVERSION = YES;
				CLANG_WARN_OBJC_IMPLICIT_RETAIN_SELF = YES;
				CLANG_WARN_OBJC_LITERAL_CONVERSION = YES;
				CLANG_WARN_OBJC_ROOT_CLASS = YES_ERROR;
				CLANG_WARN_QUOTED_INCLUDE_IN_FRAMEWORK_HEADER = YES;
				CLANG_WARN_RANGE_LOOP_ANALYSIS = YES;
				CLANG_WARN_STRICT_PROTOTYPES = YES;
				CLANG_WARN_SUSPICIOUS_MOVE = YES;
				CLANG_WARN_UNGUARDED_AVAILABILITY = YES_AGGRESSIVE;
				CLANG_WARN_UNREACHABLE_CODE = YES;
				CLANG_WARN__DUPLICATE_METHOD_MATCH = YES;
				COPY_PHASE_STRIP = NO;
				DEBUG_INFORMATION_FORMAT = "dwarf-with-dsym";
				ENABLE_NS_ASSERTIONS = NO;
				ENABLE_STRICT_OBJC_MSGSEND = YES;
				ENABLE_USER_SCRIPT_SANDBOXING = YES;
				GCC_C_LANGUAGE_STANDARD = gnu17;
				GCC_NO_COMMON_BLOCKS = YES;
				GCC_WARN_64_TO_32_BIT_CONVERSION = YES;
				GCC_WARN_ABOUT_RETURN_TYPE = YES_ERROR;
				GCC_WARN_UNDECLARED_SELECTOR = YES;
				GCC_WARN_UNINITIALIZED_AUTOS = YES_AGGRESSIVE;
				GCC_WARN_UNUSED_FUNCTION = YES;
				GCC_WARN_UNUSED_VARIABLE = YES;
				IPHONEOS_DEPLOYMENT_TARGET = 17.5;
				LOCALIZATION_PREFERS_STRING_CATALOGS = YES;
				MTL_ENABLE_DEBUG_INFO = NO;
				MTL_FAST_MATH = YES;
				SDKROOT = iphoneos;
				SWIFT_COMPILATION_MODE = wholemodule;
				VALIDATE_PRODUCT = YES;
			};
			name = Release;
		};
		05FB6CA42D02AC8E00F5F0A5 /* Debug */ = {
			isa = XCBuildConfiguration;
			buildSettings = {
				ASSETCATALOG_COMPILER_APPICON_NAME = AppIcon;
				ASSETCATALOG_COMPILER_GLOBAL_ACCENT_COLOR_NAME = AccentColor;
				CODE_SIGN_STYLE = Automatic;
				CURRENT_PROJECT_VERSION = 1;
				GENERATE_INFOPLIST_FILE = YES;
				INFOPLIST_FILE = "celin arthur/Info.plist";
				INFOPLIST_KEY_UIApplicationSupportsIndirectInputEvents = YES;
				INFOPLIST_KEY_UILaunchStoryboardName = LaunchScreen;
				INFOPLIST_KEY_UIMainStoryboardFile = Main;
				INFOPLIST_KEY_UISupportedInterfaceOrientations_iPad = "UIInterfaceOrientationPortrait UIInterfaceOrientationPortraitUpsideDown UIInterfaceOrientationLandscapeLeft UIInterfaceOrientationLandscapeRight";
				INFOPLIST_KEY_UISupportedInterfaceOrientations_iPhone = "UIInterfaceOrientationPortrait UIInterfaceOrientationLandscapeLeft UIInterfaceOrientationLandscapeRight";
				LD_RUNPATH_SEARCH_PATHS = (
					"$(inherited)",
					"@executable_path/Frameworks",
				);
				MARKETING_VERSION = 1.0;
				PRODUCT_BUNDLE_IDENTIFIER = "Binus.celin-arthur";
				PRODUCT_NAME = "$(TARGET_NAME)";
				SWIFT_EMIT_LOC_STRINGS = YES;
				SWIFT_VERSION = 5.0;
				TARGETED_DEVICE_FAMILY = "1,2";
			};
			name = Debug;
		};
		05FB6CA52D02AC8E00F5F0A5 /* Release */ = {
			isa = XCBuildConfiguration;
			buildSettings = {
				ASSETCATALOG_COMPILER_APPICON_NAME = AppIcon;
				ASSETCATALOG_COMPILER_GLOBAL_ACCENT_COLOR_NAME = AccentColor;
				CODE_SIGN_STYLE = Automatic;
				CURRENT_PROJECT_VERSION = 1;
				GENERATE_INFOPLIST_FILE = YES;
				INFOPLIST_FILE = "celin arthur/Info.plist";
				INFOPLIST_KEY_UIApplicationSupportsIndirectInputEvents = YES;
				INFOPLIST_KEY_UILaunchStoryboardName = LaunchScreen;
				INFOPLIST_KEY_UIMainStoryboardFile = Main;
				INFOPLIST_KEY_UISupportedInterfaceOrientations_iPad = "UIInterfaceOrientationPortrait UIInterfaceOrientationPortraitUpsideDown UIInterfaceOrientationLandscapeLeft UIInterfaceOrientationLandscapeRight";
				INFOPLIST_KEY_UISupportedInterfaceOrientations_iPhone = "UIInterfaceOrientationPortrait UIInterfaceOrientationLandscapeLeft UIInterfaceOrientationLandscapeRight";
				LD_RUNPATH_SEARCH_PATHS = (
					"$(inherited)",
					"@executable_path/Frameworks",
				);
				MARKETING_VERSION = 1.0;
				PRODUCT_BUNDLE_IDENTIFIER = "Binus.celin-arthur";
				PRODUCT_NAME = "$(TARGET_NAME)";
				SWIFT_EMIT_LOC_STRINGS = YES;
				SWIFT_VERSION = 5.0;
				TARGETED_DEVICE_FAMILY = "1,2";
			};
			name = Release;
		};
/* End XCBuildConfiguration section */

/* Begin XCConfigurationList section */
		05FB6C872D02AC8C00F5F0A5 /* Build configuration list for PBXProject "celin arthur" */ = {
			isa = XCConfigurationList;
			buildConfigurations = (
				05FB6CA12D02AC8E00F5F0A5 /* Debug */,
				05FB6CA22D02AC8E00F5F0A5 /* Release */,
			);
			defaultConfigurationIsVisible = 0;
			defaultConfigurationName = Release;
		};
		05FB6CA32D02AC8E00F5F0A5 /* Build configuration list for PBXNativeTarget "celin arthur" */ = {
			isa = XCConfigurationList;
			buildConfigurations = (
				05FB6CA42D02AC8E00F5F0A5 /* Debug */,
				05FB6CA52D02AC8E00F5F0A5 /* Release */,
			);
			defaultConfigurationIsVisible = 0;
			defaultConfigurationName = Release;
		};
/* End XCConfigurationList section */

/* Begin XCVersionGroup section */
		05FB6C982D02AC8C00F5F0A5 /* celin_arthur.xcdatamodeld */ = {
			isa = XCVersionGroup;
			children = (
				05FB6C992D02AC8C00F5F0A5 /* celin_arthur.xcdatamodel */,
			);
			currentVersion = 05FB6C992D02AC8C00F5F0A5 /* celin_arthur.xcdatamodel */;
			path = celin_arthur.xcdatamodeld;
			sourceTree = "<group>";
			versionGroupType = wrapper.xcdatamodel;
		};
/* End XCVersionGroup section */
	};
	rootObject = 05FB6C842D02AC8C00F5F0A5 /* Project object */;
}
